
Microsoft Visual Studio Solution File, Format Version 12.00
# Visual Studio 15
VisualStudioVersion = 15.0.27703.2042
MinimumVisualStudioVersion = 10.0.40219.1
Project("{FAE04EC0-301F-11D3-BF4B-00C04F79EFBC}") = "CMLearningWords.WebUI", "CMLearningWords.WebUI\CMLearningWords.WebUI.csproj", "{1AAE035B-5372-402C-A495-9E864F5ECBE6}"
EndProject
Project("{FAE04EC0-301F-11D3-BF4B-00C04F79EFBC}") = "CMLearningWords.AccessToData", "CMLearningWords.AccessToData\CMLearningWords.AccessToData.csproj", "{DABC9A36-488E-4C70-9B1A-0089C389747C}"
EndProject
Project("{FAE04EC0-301F-11D3-BF4B-00C04F79EFBC}") = "CMLearningWords.DataModels", "CMLearningWords.DataModels\CMLearningWords.DataModels.csproj", "{03220A43-7325-4A46-8DDA-A969DFD40382}"
EndProject
Global
	GlobalSection(SolutionConfigurationPlatforms) = preSolution
		Debug|Any CPU = Debug|Any CPU
		Release|Any CPU = Release|Any CPU
	EndGlobalSection
	GlobalSection(ProjectConfigurationPlatforms) = postSolution
		{1AAE035B-5372-402C-A495-9E864F5ECBE6}.Debug|Any CPU.ActiveCfg = Debug|Any CPU
		{1AAE035B-5372-402C-A495-9E864F5ECBE6}.Debug|Any CPU.Build.0 = Debug|Any CPU
		{1AAE035B-5372-402C-A495-9E864F5ECBE6}.Release|Any CPU.ActiveCfg = Release|Any CPU
		{1AAE035B-5372-402C-A495-9E864F5ECBE6}.Release|Any CPU.Build.0 = Release|Any CPU
		{DABC9A36-488E-4C70-9B1A-0089C389747C}.Debug|Any CPU.ActiveCfg = Debug|Any CPU
		{DABC9A36-488E-4C70-9B1A-0089C389747C}.Debug|Any CPU.Build.0 = Debug|Any CPU
		{DABC9A36-488E-4C70-9B1A-0089C389747C}.Release|Any CPU.ActiveCfg = Release|Any CPU
		{DABC9A36-488E-4C70-9B1A-0089C389747C}.Release|Any CPU.Build.0 = Release|Any CPU
		{03220A43-7325-4A46-8DDA-A969DFD40382}.Debug|Any CPU.ActiveCfg = Debug|Any CPU
		{03220A43-7325-4A46-8DDA-A969DFD40382}.Debug|Any CPU.Build.0 = Debug|Any CPU
		{03220A43-7325-4A46-8DDA-A969DFD40382}.Release|Any CPU.ActiveCfg = Release|Any CPU
		{03220A43-7325-4A46-8DDA-A969DFD40382}.Release|Any CPU.Build.0 = Release|Any CPU
	EndGlobalSection
	GlobalSection(SolutionProperties) = preSolution
		HideSolutionNode = FALSE
	EndGlobalSection
	GlobalSection(ExtensibilityGlobals) = postSolution
		SolutionGuid = {EF3D2311-2ACC-480E-AB44-A658446A545A}
	EndGlobalSection
EndGlobal
